
Microsoft Visual Studio Solution File, Format Version 12.00
# Visual Studio Version 17
VisualStudioVersion = 17.0.31903.59
MinimumVisualStudioVersion = 10.0.40219.1
Project("{2150E333-8FDC-42A3-9474-1A3956D46DE8}") = "src", "src", "{827E0CD3-B72D-47B6-A68D-7590B98EB39B}"
EndProject
Project("{FAE04EC0-301F-11D3-BF4B-00C04F79EFBC}") = "Cisharpai", "src\Cisharpai\Cisharpai.csproj", "{52ABBBAB-4A52-4227-AB48-9679FE4EDEA7}"
EndProject
Project("{FAE04EC0-301F-11D3-BF4B-00C04F79EFBC}") = "Cisharpai.Tests", "src\Cisharpai.Tests\Cisharpai.Tests.csproj", "{359D0E85-612E-4224-A23A-C6EA71984901}"
EndProject
Project("{FAE04EC0-301F-11D3-BF4B-00C04F79EFBC}") = "Cisharpai.OpenAi", "src\Cisharpai.OpenAi\Cisharpai.OpenAi.csproj", "{35D3D956-FB23-4096-B265-CB9D7B7EC674}"
EndProject
Project("{FAE04EC0-301F-11D3-BF4B-00C04F79EFBC}") = "Cisharpai.Anthropic", "src\Cisharpai.Anthropic\Cisharpai.Anthropic.csproj", "{AD7444E7-3462-4E61-A09A-6BB97F44355E}"
EndProject
Project("{FAE04EC0-301F-11D3-BF4B-00C04F79EFBC}") = "Cisharpai.Integration.Tests", "src\Cisharpai.Integration.Tests\Cisharpai.Integration.Tests.csproj", "{B0B4D16C-7FD8-47A4-9FF0-D3A61EFA38E5}"
EndProject
Project("{FAE04EC0-301F-11D3-BF4B-00C04F79EFBC}") = "Cisharp.Console", "src\Cisharp.Console\Cisharp.Console.csproj", "{2D0EBC9E-3D05-4E0B-AF79-1252E0D1B6AB}"
EndProject
Project("{FAE04EC0-301F-11D3-BF4B-00C04F79EFBC}") = "Cisharpai.Cohere", "src\Cisharpai.Cohere\Cisharpai.Cohere.csproj", "{4977A505-D071-42C8-80B2-6F56FC3590E2}"
EndProject
Project("{FAE04EC0-301F-11D3-BF4B-00C04F79EFBC}") = "Cisharpai.Azure", "src\Cisharpai.Azure\Cisharpai.Azure.csproj", "{E48EF4AD-D4D8-4575-BDB7-66C0370F2D8B}"
EndProject
Project("{FAE04EC0-301F-11D3-BF4B-00C04F79EFBC}") = "Cisharpai.Testing", "src\Cisharpai.Testing\Cisharpai.Testing.csproj", "{61939F5E-FDEA-4DAC-BC16-5213731122AC}"
EndProject
Project("{FAE04EC0-301F-11D3-BF4B-00C04F79EFBC}") = "Cisharpai.Tests.Common", "src\Cisharpai.Tests.Common\Cisharpai.Tests.Common.csproj", "{AD509961-7C29-4A26-8908-37E436734631}"
EndProject
Project("{FAE04EC0-301F-11D3-BF4B-00C04F79EFBC}") = "Cisharpai.Rag", "src\Cisharpai.Rag\Cisharpai.Rag.csproj", "{8458811B-8E66-443D-9767-73315C7BD579}"
EndProject
Global
	GlobalSection(SolutionConfigurationPlatforms) = preSolution
		Debug|Any CPU = Debug|Any CPU
		Debug|x64 = Debug|x64
		Debug|x86 = Debug|x86
		Release|Any CPU = Release|Any CPU
		Release|x64 = Release|x64
		Release|x86 = Release|x86
	EndGlobalSection
	GlobalSection(ProjectConfigurationPlatforms) = postSolution
		{52ABBBAB-4A52-4227-AB48-9679FE4EDEA7}.Debug|Any CPU.ActiveCfg = Debug|Any CPU
		{52ABBBAB-4A52-4227-AB48-9679FE4EDEA7}.Debug|Any CPU.Build.0 = Debug|Any CPU
		{52ABBBAB-4A52-4227-AB48-9679FE4EDEA7}.Debug|x64.ActiveCfg = Debug|Any CPU
		{52ABBBAB-4A52-4227-AB48-9679FE4EDEA7}.Debug|x64.Build.0 = Debug|Any CPU
		{52ABBBAB-4A52-4227-AB48-9679FE4EDEA7}.Debug|x86.ActiveCfg = Debug|Any CPU
		{52ABBBAB-4A52-4227-AB48-9679FE4EDEA7}.Debug|x86.Build.0 = Debug|Any CPU
		{52ABBBAB-4A52-4227-AB48-9679FE4EDEA7}.Release|Any CPU.ActiveCfg = Release|Any CPU
		{52ABBBAB-4A52-4227-AB48-9679FE4EDEA7}.Release|Any CPU.Build.0 = Release|Any CPU
		{52ABBBAB-4A52-4227-AB48-9679FE4EDEA7}.Release|x64.ActiveCfg = Release|Any CPU
		{52ABBBAB-4A52-4227-AB48-9679FE4EDEA7}.Release|x64.Build.0 = Release|Any CPU
		{52ABBBAB-4A52-4227-AB48-9679FE4EDEA7}.Release|x86.ActiveCfg = Release|Any CPU
		{52ABBBAB-4A52-4227-AB48-9679FE4EDEA7}.Release|x86.Build.0 = Release|Any CPU
		{359D0E85-612E-4224-A23A-C6EA71984901}.Debug|Any CPU.ActiveCfg = Debug|Any CPU
		{359D0E85-612E-4224-A23A-C6EA71984901}.Debug|Any CPU.Build.0 = Debug|Any CPU
		{359D0E85-612E-4224-A23A-C6EA71984901}.Debug|x64.ActiveCfg = Debug|Any CPU
		{359D0E85-612E-4224-A23A-C6EA71984901}.Debug|x64.Build.0 = Debug|Any CPU
		{359D0E85-612E-4224-A23A-C6EA71984901}.Debug|x86.ActiveCfg = Debug|Any CPU
		{359D0E85-612E-4224-A23A-C6EA71984901}.Debug|x86.Build.0 = Debug|Any CPU
		{359D0E85-612E-4224-A23A-C6EA71984901}.Release|Any CPU.ActiveCfg = Release|Any CPU
		{359D0E85-612E-4224-A23A-C6EA71984901}.Release|Any CPU.Build.0 = Release|Any CPU
		{359D0E85-612E-4224-A23A-C6EA71984901}.Release|x64.ActiveCfg = Release|Any CPU
		{359D0E85-612E-4224-A23A-C6EA71984901}.Release|x64.Build.0 = Release|Any CPU
		{359D0E85-612E-4224-A23A-C6EA71984901}.Release|x86.ActiveCfg = Release|Any CPU
		{359D0E85-612E-4224-A23A-C6EA71984901}.Release|x86.Build.0 = Release|Any CPU
		{35D3D956-FB23-4096-B265-CB9D7B7EC674}.Debug|Any CPU.ActiveCfg = Debug|Any CPU
		{35D3D956-FB23-4096-B265-CB9D7B7EC674}.Debug|Any CPU.Build.0 = Debug|Any CPU
		{35D3D956-FB23-4096-B265-CB9D7B7EC674}.Debug|x64.ActiveCfg = Debug|Any CPU
		{35D3D956-FB23-4096-B265-CB9D7B7EC674}.Debug|x64.Build.0 = Debug|Any CPU
		{35D3D956-FB23-4096-B265-CB9D7B7EC674}.Debug|x86.ActiveCfg = Debug|Any CPU
		{35D3D956-FB23-4096-B265-CB9D7B7EC674}.Debug|x86.Build.0 = Debug|Any CPU
		{35D3D956-FB23-4096-B265-CB9D7B7EC674}.Release|Any CPU.ActiveCfg = Release|Any CPU
		{35D3D956-FB23-4096-B265-CB9D7B7EC674}.Release|Any CPU.Build.0 = Release|Any CPU
		{35D3D956-FB23-4096-B265-CB9D7B7EC674}.Release|x64.ActiveCfg = Release|Any CPU
		{35D3D956-FB23-4096-B265-CB9D7B7EC674}.Release|x64.Build.0 = Release|Any CPU
		{35D3D956-FB23-4096-B265-CB9D7B7EC674}.Release|x86.ActiveCfg = Release|Any CPU
		{35D3D956-FB23-4096-B265-CB9D7B7EC674}.Release|x86.Build.0 = Release|Any CPU
		{AD7444E7-3462-4E61-A09A-6BB97F44355E}.Debug|Any CPU.ActiveCfg = Debug|Any CPU
		{AD7444E7-3462-4E61-A09A-6BB97F44355E}.Debug|Any CPU.Build.0 = Debug|Any CPU
		{AD7444E7-3462-4E61-A09A-6BB97F44355E}.Debug|x64.ActiveCfg = Debug|Any CPU
		{AD7444E7-3462-4E61-A09A-6BB97F44355E}.Debug|x64.Build.0 = Debug|Any CPU
		{AD7444E7-3462-4E61-A09A-6BB97F44355E}.Debug|x86.ActiveCfg = Debug|Any CPU
		{AD7444E7-3462-4E61-A09A-6BB97F44355E}.Debug|x86.Build.0 = Debug|Any CPU
		{AD7444E7-3462-4E61-A09A-6BB97F44355E}.Release|Any CPU.ActiveCfg = Release|Any CPU
		{AD7444E7-3462-4E61-A09A-6BB97F44355E}.Release|Any CPU.Build.0 = Release|Any CPU
		{AD7444E7-3462-4E61-A09A-6BB97F44355E}.Release|x64.ActiveCfg = Release|Any CPU
		{AD7444E7-3462-4E61-A09A-6BB97F44355E}.Release|x64.Build.0 = Release|Any CPU
		{AD7444E7-3462-4E61-A09A-6BB97F44355E}.Release|x86.ActiveCfg = Release|Any CPU
		{AD7444E7-3462-4E61-A09A-6BB97F44355E}.Release|x86.Build.0 = Release|Any CPU
		{B0B4D16C-7FD8-47A4-9FF0-D3A61EFA38E5}.Debug|Any CPU.ActiveCfg = Debug|Any CPU
		{B0B4D16C-7FD8-47A4-9FF0-D3A61EFA38E5}.Debug|Any CPU.Build.0 = Debug|Any CPU
		{B0B4D16C-7FD8-47A4-9FF0-D3A61EFA38E5}.Debug|x64.ActiveCfg = Debug|Any CPU
		{B0B4D16C-7FD8-47A4-9FF0-D3A61EFA38E5}.Debug|x64.Build.0 = Debug|Any CPU
		{B0B4D16C-7FD8-47A4-9FF0-D3A61EFA38E5}.Debug|x86.ActiveCfg = Debug|Any CPU
		{B0B4D16C-7FD8-47A4-9FF0-D3A61EFA38E5}.Debug|x86.Build.0 = Debug|Any CPU
		{B0B4D16C-7FD8-47A4-9FF0-D3A61EFA38E5}.Release|Any CPU.ActiveCfg = Release|Any CPU
		{B0B4D16C-7FD8-47A4-9FF0-D3A61EFA38E5}.Release|Any CPU.Build.0 = Release|Any CPU
		{B0B4D16C-7FD8-47A4-9FF0-D3A61EFA38E5}.Release|x64.ActiveCfg = Release|Any CPU
		{B0B4D16C-7FD8-47A4-9FF0-D3A61EFA38E5}.Release|x64.Build.0 = Release|Any CPU
		{B0B4D16C-7FD8-47A4-9FF0-D3A61EFA38E5}.Release|x86.ActiveCfg = Release|Any CPU
		{B0B4D16C-7FD8-47A4-9FF0-D3A61EFA38E5}.Release|x86.Build.0 = Release|Any CPU
		{2D0EBC9E-3D05-4E0B-AF79-1252E0D1B6AB}.Debug|Any CPU.ActiveCfg = Debug|Any CPU
		{2D0EBC9E-3D05-4E0B-AF79-1252E0D1B6AB}.Debug|Any CPU.Build.0 = Debug|Any CPU
		{2D0EBC9E-3D05-4E0B-AF79-1252E0D1B6AB}.Debug|x64.ActiveCfg = Debug|Any CPU
		{2D0EBC9E-3D05-4E0B-AF79-1252E0D1B6AB}.Debug|x64.Build.0 = Debug|Any CPU
		{2D0EBC9E-3D05-4E0B-AF79-1252E0D1B6AB}.Debug|x86.ActiveCfg = Debug|Any CPU
		{2D0EBC9E-3D05-4E0B-AF79-1252E0D1B6AB}.Debug|x86.Build.0 = Debug|Any CPU
		{2D0EBC9E-3D05-4E0B-AF79-1252E0D1B6AB}.Release|Any CPU.ActiveCfg = Release|Any CPU
		{2D0EBC9E-3D05-4E0B-AF79-1252E0D1B6AB}.Release|Any CPU.Build.0 = Release|Any CPU
		{2D0EBC9E-3D05-4E0B-AF79-1252E0D1B6AB}.Release|x64.ActiveCfg = Release|Any CPU
		{2D0EBC9E-3D05-4E0B-AF79-1252E0D1B6AB}.Release|x64.Build.0 = Release|Any CPU
		{2D0EBC9E-3D05-4E0B-AF79-1252E0D1B6AB}.Release|x86.ActiveCfg = Release|Any CPU
		{2D0EBC9E-3D05-4E0B-AF79-1252E0D1B6AB}.Release|x86.Build.0 = Release|Any CPU
		{4977A505-D071-42C8-80B2-6F56FC3590E2}.Debug|Any CPU.ActiveCfg = Debug|Any CPU
		{4977A505-D071-42C8-80B2-6F56FC3590E2}.Debug|Any CPU.Build.0 = Debug|Any CPU
		{4977A505-D071-42C8-80B2-6F56FC3590E2}.Debug|x64.ActiveCfg = Debug|Any CPU
		{4977A505-D071-42C8-80B2-6F56FC3590E2}.Debug|x64.Build.0 = Debug|Any CPU
		{4977A505-D071-42C8-80B2-6F56FC3590E2}.Debug|x86.ActiveCfg = Debug|Any CPU
		{4977A505-D071-42C8-80B2-6F56FC3590E2}.Debug|x86.Build.0 = Debug|Any CPU
		{4977A505-D071-42C8-80B2-6F56FC3590E2}.Release|Any CPU.ActiveCfg = Release|Any CPU
		{4977A505-D071-42C8-80B2-6F56FC3590E2}.Release|Any CPU.Build.0 = Release|Any CPU
		{4977A505-D071-42C8-80B2-6F56FC3590E2}.Release|x64.ActiveCfg = Release|Any CPU
		{4977A505-D071-42C8-80B2-6F56FC3590E2}.Release|x64.Build.0 = Release|Any CPU
		{4977A505-D071-42C8-80B2-6F56FC3590E2}.Release|x86.ActiveCfg = Release|Any CPU
		{4977A505-D071-42C8-80B2-6F56FC3590E2}.Release|x86.Build.0 = Release|Any CPU
		{E48EF4AD-D4D8-4575-BDB7-66C0370F2D8B}.Debug|Any CPU.ActiveCfg = Debug|Any CPU
		{E48EF4AD-D4D8-4575-BDB7-66C0370F2D8B}.Debug|Any CPU.Build.0 = Debug|Any CPU
		{E48EF4AD-D4D8-4575-BDB7-66C0370F2D8B}.Debug|x64.ActiveCfg = Debug|Any CPU
		{E48EF4AD-D4D8-4575-BDB7-66C0370F2D8B}.Debug|x64.Build.0 = Debug|Any CPU
		{E48EF4AD-D4D8-4575-BDB7-66C0370F2D8B}.Debug|x86.ActiveCfg = Debug|Any CPU
		{E48EF4AD-D4D8-4575-BDB7-66C0370F2D8B}.Debug|x86.Build.0 = Debug|Any CPU
		{E48EF4AD-D4D8-4575-BDB7-66C0370F2D8B}.Release|Any CPU.ActiveCfg = Release|Any CPU
		{E48EF4AD-D4D8-4575-BDB7-66C0370F2D8B}.Release|Any CPU.Build.0 = Release|Any CPU
		{E48EF4AD-D4D8-4575-BDB7-66C0370F2D8B}.Release|x64.ActiveCfg = Release|Any CPU
		{E48EF4AD-D4D8-4575-BDB7-66C0370F2D8B}.Release|x64.Build.0 = Release|Any CPU
		{E48EF4AD-D4D8-4575-BDB7-66C0370F2D8B}.Release|x86.ActiveCfg = Release|Any CPU
		{E48EF4AD-D4D8-4575-BDB7-66C0370F2D8B}.Release|x86.Build.0 = Release|Any CPU
		{61939F5E-FDEA-4DAC-BC16-5213731122AC}.Debug|Any CPU.ActiveCfg = Debug|Any CPU
		{61939F5E-FDEA-4DAC-BC16-5213731122AC}.Debug|Any CPU.Build.0 = Debug|Any CPU
		{61939F5E-FDEA-4DAC-BC16-5213731122AC}.Debug|x64.ActiveCfg = Debug|Any CPU
		{61939F5E-FDEA-4DAC-BC16-5213731122AC}.Debug|x64.Build.0 = Debug|Any CPU
		{61939F5E-FDEA-4DAC-BC16-5213731122AC}.Debug|x86.ActiveCfg = Debug|Any CPU
		{61939F5E-FDEA-4DAC-BC16-5213731122AC}.Debug|x86.Build.0 = Debug|Any CPU
		{61939F5E-FDEA-4DAC-BC16-5213731122AC}.Release|Any CPU.ActiveCfg = Release|Any CPU
		{61939F5E-FDEA-4DAC-BC16-5213731122AC}.Release|Any CPU.Build.0 = Release|Any CPU
		{61939F5E-FDEA-4DAC-BC16-5213731122AC}.Release|x64.ActiveCfg = Release|Any CPU
		{61939F5E-FDEA-4DAC-BC16-5213731122AC}.Release|x64.Build.0 = Release|Any CPU
		{61939F5E-FDEA-4DAC-BC16-5213731122AC}.Release|x86.ActiveCfg = Release|Any CPU
		{61939F5E-FDEA-4DAC-BC16-5213731122AC}.Release|x86.Build.0 = Release|Any CPU
		{AD509961-7C29-4A26-8908-37E436734631}.Debug|Any CPU.ActiveCfg = Debug|Any CPU
		{AD509961-7C29-4A26-8908-37E436734631}.Debug|Any CPU.Build.0 = Debug|Any CPU
		{AD509961-7C29-4A26-8908-37E436734631}.Debug|x64.ActiveCfg = Debug|Any CPU
		{AD509961-7C29-4A26-8908-37E436734631}.Debug|x64.Build.0 = Debug|Any CPU
		{AD509961-7C29-4A26-8908-37E436734631}.Debug|x86.ActiveCfg = Debug|Any CPU
		{AD509961-7C29-4A26-8908-37E436734631}.Debug|x86.Build.0 = Debug|Any CPU
		{AD509961-7C29-4A26-8908-37E436734631}.Release|Any CPU.ActiveCfg = Release|Any CPU
		{AD509961-7C29-4A26-8908-37E436734631}.Release|Any CPU.Build.0 = Release|Any CPU
		{AD509961-7C29-4A26-8908-37E436734631}.Release|x64.ActiveCfg = Release|Any CPU
		{AD509961-7C29-4A26-8908-37E436734631}.Release|x64.Build.0 = Release|Any CPU
		{AD509961-7C29-4A26-8908-37E436734631}.Release|x86.ActiveCfg = Release|Any CPU
		{AD509961-7C29-4A26-8908-37E436734631}.Release|x86.Build.0 = Release|Any CPU
		{8458811B-8E66-443D-9767-73315C7BD579}.Debug|Any CPU.ActiveCfg = Debug|Any CPU
		{8458811B-8E66-443D-9767-73315C7BD579}.Debug|Any CPU.Build.0 = Debug|Any CPU
		{8458811B-8E66-443D-9767-73315C7BD579}.Debug|x64.ActiveCfg = Debug|Any CPU
		{8458811B-8E66-443D-9767-73315C7BD579}.Debug|x64.Build.0 = Debug|Any CPU
		{8458811B-8E66-443D-9767-73315C7BD579}.Debug|x86.ActiveCfg = Debug|Any CPU
		{8458811B-8E66-443D-9767-73315C7BD579}.Debug|x86.Build.0 = Debug|Any CPU
		{8458811B-8E66-443D-9767-73315C7BD579}.Release|Any CPU.ActiveCfg = Release|Any CPU
		{8458811B-8E66-443D-9767-73315C7BD579}.Release|Any CPU.Build.0 = Release|Any CPU
		{8458811B-8E66-443D-9767-73315C7BD579}.Release|x64.ActiveCfg = Release|Any CPU
		{8458811B-8E66-443D-9767-73315C7BD579}.Release|x64.Build.0 = Release|Any CPU
		{8458811B-8E66-443D-9767-73315C7BD579}.Release|x86.ActiveCfg = Release|Any CPU
		{8458811B-8E66-443D-9767-73315C7BD579}.Release|x86.Build.0 = Release|Any CPU
	EndGlobalSection
	GlobalSection(SolutionProperties) = preSolution
		HideSolutionNode = FALSE
	EndGlobalSection
	GlobalSection(NestedProjects) = preSolution
		{52ABBBAB-4A52-4227-AB48-9679FE4EDEA7} = {827E0CD3-B72D-47B6-A68D-7590B98EB39B}
		{359D0E85-612E-4224-A23A-C6EA71984901} = {827E0CD3-B72D-47B6-A68D-7590B98EB39B}
		{35D3D956-FB23-4096-B265-CB9D7B7EC674} = {827E0CD3-B72D-47B6-A68D-7590B98EB39B}
		{AD7444E7-3462-4E61-A09A-6BB97F44355E} = {827E0CD3-B72D-47B6-A68D-7590B98EB39B}
		{B0B4D16C-7FD8-47A4-9FF0-D3A61EFA38E5} = {827E0CD3-B72D-47B6-A68D-7590B98EB39B}
		{2D0EBC9E-3D05-4E0B-AF79-1252E0D1B6AB} = {827E0CD3-B72D-47B6-A68D-7590B98EB39B}
		{4977A505-D071-42C8-80B2-6F56FC3590E2} = {827E0CD3-B72D-47B6-A68D-7590B98EB39B}
		{E48EF4AD-D4D8-4575-BDB7-66C0370F2D8B} = {827E0CD3-B72D-47B6-A68D-7590B98EB39B}
		{61939F5E-FDEA-4DAC-BC16-5213731122AC} = {827E0CD3-B72D-47B6-A68D-7590B98EB39B}
		{AD509961-7C29-4A26-8908-37E436734631} = {827E0CD3-B72D-47B6-A68D-7590B98EB39B}
		{8458811B-8E66-443D-9767-73315C7BD579} = {827E0CD3-B72D-47B6-A68D-7590B98EB39B}
	EndGlobalSection
EndGlobal
