
Microsoft Visual Studio Solution File, Format Version 12.00
# Visual Studio Version 17
VisualStudioVersion = 17.0.31903.59
MinimumVisualStudioVersion = 10.0.40219.1
Project("{2150E333-8FDC-42A3-9474-1A3956D46DE8}") = "src", "src", "{827E0CD3-B72D-47B6-A68D-7590B98EB39B}"
EndProject
Project("{FAE04EC0-301F-11D3-BF4B-00C04F79EFBC}") = "cisharpai", "src\cisharpai\cisharpai.csproj", "{52ABBBAB-4A52-4227-AB48-9679FE4EDEA7}"
EndProject
Project("{FAE04EC0-301F-11D3-BF4B-00C04F79EFBC}") = "cisharpai.test", "src\cisharpai.test\cisharpai.test.csproj", "{359D0E85-612E-4224-A23A-C6EA71984901}"
EndProject
Project("{FAE04EC0-301F-11D3-BF4B-00C04F79EFBC}") = "cisharpai.OpenAi", "src\cisharpai.OpenAi\cisharpai.OpenAi.csproj", "{35D3D956-FB23-4096-B265-CB9D7B7EC674}"
EndProject
Project("{FAE04EC0-301F-11D3-BF4B-00C04F79EFBC}") = "cisharpai.Anthropic", "src\cisharpai.Anthropic\cisharpai.Anthropic.csproj", "{AD7444E7-3462-4E61-A09A-6BB97F44355E}"
EndProject
Project("{FAE04EC0-301F-11D3-BF4B-00C04F79EFBC}") = "cisharpai.AzureOpenAi", "src\cisharpai.AzureOpenAi\cisharpai.AzureOpenAi.csproj", "{1936E29C-D837-4D1F-B971-EF01227B9DCC}"
EndProject
Project("{FAE04EC0-301F-11D3-BF4B-00C04F79EFBC}") = "cisharpai.integration.test", "src\cisharpai.integration.test\cisharpai.integration.test.csproj", "{B0B4D16C-7FD8-47A4-9FF0-D3A61EFA38E5}"
EndProject
Global
	GlobalSection(SolutionConfigurationPlatforms) = preSolution
		Debug|Any CPU = Debug|Any CPU
		Debug|x64 = Debug|x64
		Debug|x86 = Debug|x86
		Release|Any CPU = Release|Any CPU
		Release|x64 = Release|x64
		Release|x86 = Release|x86
	EndGlobalSection
	GlobalSection(ProjectConfigurationPlatforms) = postSolution
		{52ABBBAB-4A52-4227-AB48-9679FE4EDEA7}.Debug|Any CPU.ActiveCfg = Debug|Any CPU
		{52ABBBAB-4A52-4227-AB48-9679FE4EDEA7}.Debug|Any CPU.Build.0 = Debug|Any CPU
		{52ABBBAB-4A52-4227-AB48-9679FE4EDEA7}.Debug|x64.ActiveCfg = Debug|Any CPU
		{52ABBBAB-4A52-4227-AB48-9679FE4EDEA7}.Debug|x64.Build.0 = Debug|Any CPU
		{52ABBBAB-4A52-4227-AB48-9679FE4EDEA7}.Debug|x86.ActiveCfg = Debug|Any CPU
		{52ABBBAB-4A52-4227-AB48-9679FE4EDEA7}.Debug|x86.Build.0 = Debug|Any CPU
		{52ABBBAB-4A52-4227-AB48-9679FE4EDEA7}.Release|Any CPU.ActiveCfg = Release|Any CPU
		{52ABBBAB-4A52-4227-AB48-9679FE4EDEA7}.Release|Any CPU.Build.0 = Release|Any CPU
		{52ABBBAB-4A52-4227-AB48-9679FE4EDEA7}.Release|x64.ActiveCfg = Release|Any CPU
		{52ABBBAB-4A52-4227-AB48-9679FE4EDEA7}.Release|x64.Build.0 = Release|Any CPU
		{52ABBBAB-4A52-4227-AB48-9679FE4EDEA7}.Release|x86.ActiveCfg = Release|Any CPU
		{52ABBBAB-4A52-4227-AB48-9679FE4EDEA7}.Release|x86.Build.0 = Release|Any CPU
		{359D0E85-612E-4224-A23A-C6EA71984901}.Debug|Any CPU.ActiveCfg = Debug|Any CPU
		{359D0E85-612E-4224-A23A-C6EA71984901}.Debug|Any CPU.Build.0 = Debug|Any CPU
		{359D0E85-612E-4224-A23A-C6EA71984901}.Debug|x64.ActiveCfg = Debug|Any CPU
		{359D0E85-612E-4224-A23A-C6EA71984901}.Debug|x64.Build.0 = Debug|Any CPU
		{359D0E85-612E-4224-A23A-C6EA71984901}.Debug|x86.ActiveCfg = Debug|Any CPU
		{359D0E85-612E-4224-A23A-C6EA71984901}.Debug|x86.Build.0 = Debug|Any CPU
		{359D0E85-612E-4224-A23A-C6EA71984901}.Release|Any CPU.ActiveCfg = Release|Any CPU
		{359D0E85-612E-4224-A23A-C6EA71984901}.Release|Any CPU.Build.0 = Release|Any CPU
		{359D0E85-612E-4224-A23A-C6EA71984901}.Release|x64.ActiveCfg = Release|Any CPU
		{359D0E85-612E-4224-A23A-C6EA71984901}.Release|x64.Build.0 = Release|Any CPU
		{359D0E85-612E-4224-A23A-C6EA71984901}.Release|x86.ActiveCfg = Release|Any CPU
		{359D0E85-612E-4224-A23A-C6EA71984901}.Release|x86.Build.0 = Release|Any CPU
		{35D3D956-FB23-4096-B265-CB9D7B7EC674}.Debug|Any CPU.ActiveCfg = Debug|Any CPU
		{35D3D956-FB23-4096-B265-CB9D7B7EC674}.Debug|Any CPU.Build.0 = Debug|Any CPU
		{35D3D956-FB23-4096-B265-CB9D7B7EC674}.Debug|x64.ActiveCfg = Debug|Any CPU
		{35D3D956-FB23-4096-B265-CB9D7B7EC674}.Debug|x64.Build.0 = Debug|Any CPU
		{35D3D956-FB23-4096-B265-CB9D7B7EC674}.Debug|x86.ActiveCfg = Debug|Any CPU
		{35D3D956-FB23-4096-B265-CB9D7B7EC674}.Debug|x86.Build.0 = Debug|Any CPU
		{35D3D956-FB23-4096-B265-CB9D7B7EC674}.Release|Any CPU.ActiveCfg = Release|Any CPU
		{35D3D956-FB23-4096-B265-CB9D7B7EC674}.Release|Any CPU.Build.0 = Release|Any CPU
		{35D3D956-FB23-4096-B265-CB9D7B7EC674}.Release|x64.ActiveCfg = Release|Any CPU
		{35D3D956-FB23-4096-B265-CB9D7B7EC674}.Release|x64.Build.0 = Release|Any CPU
		{35D3D956-FB23-4096-B265-CB9D7B7EC674}.Release|x86.ActiveCfg = Release|Any CPU
		{35D3D956-FB23-4096-B265-CB9D7B7EC674}.Release|x86.Build.0 = Release|Any CPU
		{AD7444E7-3462-4E61-A09A-6BB97F44355E}.Debug|Any CPU.ActiveCfg = Debug|Any CPU
		{AD7444E7-3462-4E61-A09A-6BB97F44355E}.Debug|Any CPU.Build.0 = Debug|Any CPU
		{AD7444E7-3462-4E61-A09A-6BB97F44355E}.Debug|x64.ActiveCfg = Debug|Any CPU
		{AD7444E7-3462-4E61-A09A-6BB97F44355E}.Debug|x64.Build.0 = Debug|Any CPU
		{AD7444E7-3462-4E61-A09A-6BB97F44355E}.Debug|x86.ActiveCfg = Debug|Any CPU
		{AD7444E7-3462-4E61-A09A-6BB97F44355E}.Debug|x86.Build.0 = Debug|Any CPU
		{AD7444E7-3462-4E61-A09A-6BB97F44355E}.Release|Any CPU.ActiveCfg = Release|Any CPU
		{AD7444E7-3462-4E61-A09A-6BB97F44355E}.Release|Any CPU.Build.0 = Release|Any CPU
		{AD7444E7-3462-4E61-A09A-6BB97F44355E}.Release|x64.ActiveCfg = Release|Any CPU
		{AD7444E7-3462-4E61-A09A-6BB97F44355E}.Release|x64.Build.0 = Release|Any CPU
		{AD7444E7-3462-4E61-A09A-6BB97F44355E}.Release|x86.ActiveCfg = Release|Any CPU
		{AD7444E7-3462-4E61-A09A-6BB97F44355E}.Release|x86.Build.0 = Release|Any CPU
		{1936E29C-D837-4D1F-B971-EF01227B9DCC}.Debug|Any CPU.ActiveCfg = Debug|Any CPU
		{1936E29C-D837-4D1F-B971-EF01227B9DCC}.Debug|Any CPU.Build.0 = Debug|Any CPU
		{1936E29C-D837-4D1F-B971-EF01227B9DCC}.Debug|x64.ActiveCfg = Debug|Any CPU
		{1936E29C-D837-4D1F-B971-EF01227B9DCC}.Debug|x64.Build.0 = Debug|Any CPU
		{1936E29C-D837-4D1F-B971-EF01227B9DCC}.Debug|x86.ActiveCfg = Debug|Any CPU
		{1936E29C-D837-4D1F-B971-EF01227B9DCC}.Debug|x86.Build.0 = Debug|Any CPU
		{1936E29C-D837-4D1F-B971-EF01227B9DCC}.Release|Any CPU.ActiveCfg = Release|Any CPU
		{1936E29C-D837-4D1F-B971-EF01227B9DCC}.Release|Any CPU.Build.0 = Release|Any CPU
		{1936E29C-D837-4D1F-B971-EF01227B9DCC}.Release|x64.ActiveCfg = Release|Any CPU
		{1936E29C-D837-4D1F-B971-EF01227B9DCC}.Release|x64.Build.0 = Release|Any CPU
		{1936E29C-D837-4D1F-B971-EF01227B9DCC}.Release|x86.ActiveCfg = Release|Any CPU
		{1936E29C-D837-4D1F-B971-EF01227B9DCC}.Release|x86.Build.0 = Release|Any CPU
		{B0B4D16C-7FD8-47A4-9FF0-D3A61EFA38E5}.Debug|Any CPU.ActiveCfg = Debug|Any CPU
		{B0B4D16C-7FD8-47A4-9FF0-D3A61EFA38E5}.Debug|Any CPU.Build.0 = Debug|Any CPU
		{B0B4D16C-7FD8-47A4-9FF0-D3A61EFA38E5}.Debug|x64.ActiveCfg = Debug|Any CPU
		{B0B4D16C-7FD8-47A4-9FF0-D3A61EFA38E5}.Debug|x64.Build.0 = Debug|Any CPU
		{B0B4D16C-7FD8-47A4-9FF0-D3A61EFA38E5}.Debug|x86.ActiveCfg = Debug|Any CPU
		{B0B4D16C-7FD8-47A4-9FF0-D3A61EFA38E5}.Debug|x86.Build.0 = Debug|Any CPU
		{B0B4D16C-7FD8-47A4-9FF0-D3A61EFA38E5}.Release|Any CPU.ActiveCfg = Release|Any CPU
		{B0B4D16C-7FD8-47A4-9FF0-D3A61EFA38E5}.Release|Any CPU.Build.0 = Release|Any CPU
		{B0B4D16C-7FD8-47A4-9FF0-D3A61EFA38E5}.Release|x64.ActiveCfg = Release|Any CPU
		{B0B4D16C-7FD8-47A4-9FF0-D3A61EFA38E5}.Release|x64.Build.0 = Release|Any CPU
		{B0B4D16C-7FD8-47A4-9FF0-D3A61EFA38E5}.Release|x86.ActiveCfg = Release|Any CPU
		{B0B4D16C-7FD8-47A4-9FF0-D3A61EFA38E5}.Release|x86.Build.0 = Release|Any CPU
	EndGlobalSection
	GlobalSection(SolutionProperties) = preSolution
		HideSolutionNode = FALSE
	EndGlobalSection
	GlobalSection(NestedProjects) = preSolution
		{52ABBBAB-4A52-4227-AB48-9679FE4EDEA7} = {827E0CD3-B72D-47B6-A68D-7590B98EB39B}
		{359D0E85-612E-4224-A23A-C6EA71984901} = {827E0CD3-B72D-47B6-A68D-7590B98EB39B}
		{35D3D956-FB23-4096-B265-CB9D7B7EC674} = {827E0CD3-B72D-47B6-A68D-7590B98EB39B}
		{AD7444E7-3462-4E61-A09A-6BB97F44355E} = {827E0CD3-B72D-47B6-A68D-7590B98EB39B}
		{1936E29C-D837-4D1F-B971-EF01227B9DCC} = {827E0CD3-B72D-47B6-A68D-7590B98EB39B}
		{B0B4D16C-7FD8-47A4-9FF0-D3A61EFA38E5} = {827E0CD3-B72D-47B6-A68D-7590B98EB39B}
	EndGlobalSection
EndGlobal
